
Microsoft Visual Studio Solution File, Format Version 12.00
# Visual Studio Version 16
VisualStudioVersion = 16.0.31313.79
MinimumVisualStudioVersion = 10.0.40219.1
Project("{9A19103F-16F7-4668-BE54-9A1E7A4F7556}") = "Presentacion", "BusWinFormsApp3\Presentacion.csproj", "{9DC3D3A8-1B8A-426A-95D9-7F9D8CAA20B1}"
EndProject
Project("{FAE04EC0-301F-11D3-BF4B-00C04F79EFBC}") = "CapaDatos", "Datos\CapaDatos.csproj", "{FB9A16D1-86CB-4122-9175-B73BD9CB165C}"
EndProject
Project("{FAE04EC0-301F-11D3-BF4B-00C04F79EFBC}") = "CapaNegocio", "Negocio\CapaNegocio.csproj", "{96BD3387-3C5A-49C5-9F35-15682A6F712F}"
EndProject
Project("{FAE04EC0-301F-11D3-BF4B-00C04F79EFBC}") = "CapaEntidades", "Entidades\CapaEntidades.csproj", "{3A6AEC18-65E3-4C5E-944A-66AC36E4899E}"
EndProject
Global
	GlobalSection(SolutionConfigurationPlatforms) = preSolution
		Debug|Any CPU = Debug|Any CPU
		Release|Any CPU = Release|Any CPU
	EndGlobalSection
	GlobalSection(ProjectConfigurationPlatforms) = postSolution
		{9DC3D3A8-1B8A-426A-95D9-7F9D8CAA20B1}.Debug|Any CPU.ActiveCfg = Debug|Any CPU
		{9DC3D3A8-1B8A-426A-95D9-7F9D8CAA20B1}.Debug|Any CPU.Build.0 = Debug|Any CPU
		{9DC3D3A8-1B8A-426A-95D9-7F9D8CAA20B1}.Release|Any CPU.ActiveCfg = Release|Any CPU
		{9DC3D3A8-1B8A-426A-95D9-7F9D8CAA20B1}.Release|Any CPU.Build.0 = Release|Any CPU
		{FB9A16D1-86CB-4122-9175-B73BD9CB165C}.Debug|Any CPU.ActiveCfg = Debug|Any CPU
		{FB9A16D1-86CB-4122-9175-B73BD9CB165C}.Debug|Any CPU.Build.0 = Debug|Any CPU
		{FB9A16D1-86CB-4122-9175-B73BD9CB165C}.Release|Any CPU.ActiveCfg = Release|Any CPU
		{FB9A16D1-86CB-4122-9175-B73BD9CB165C}.Release|Any CPU.Build.0 = Release|Any CPU
		{96BD3387-3C5A-49C5-9F35-15682A6F712F}.Debug|Any CPU.ActiveCfg = Debug|Any CPU
		{96BD3387-3C5A-49C5-9F35-15682A6F712F}.Debug|Any CPU.Build.0 = Debug|Any CPU
		{96BD3387-3C5A-49C5-9F35-15682A6F712F}.Release|Any CPU.ActiveCfg = Release|Any CPU
		{96BD3387-3C5A-49C5-9F35-15682A6F712F}.Release|Any CPU.Build.0 = Release|Any CPU
		{3A6AEC18-65E3-4C5E-944A-66AC36E4899E}.Debug|Any CPU.ActiveCfg = Debug|Any CPU
		{3A6AEC18-65E3-4C5E-944A-66AC36E4899E}.Debug|Any CPU.Build.0 = Debug|Any CPU
		{3A6AEC18-65E3-4C5E-944A-66AC36E4899E}.Release|Any CPU.ActiveCfg = Release|Any CPU
		{3A6AEC18-65E3-4C5E-944A-66AC36E4899E}.Release|Any CPU.Build.0 = Release|Any CPU
	EndGlobalSection
	GlobalSection(SolutionProperties) = preSolution
		HideSolutionNode = FALSE
	EndGlobalSection
	GlobalSection(ExtensibilityGlobals) = postSolution
		SolutionGuid = {25097347-FA74-4ED8-A60B-3FE70FB3D33C}
	EndGlobalSection
EndGlobal
